
Microsoft Visual Studio Solution File, Format Version 12.00
# Visual Studio Version 17
VisualStudioVersion = 17.1.32210.238
MinimumVisualStudioVersion = 10.0.40219.1
Project("{FAE04EC0-301F-11D3-BF4B-00C04F79EFBC}") = "SOLID", "SOLID.csproj", "{7065461A-CD9A-455F-B77D-1E92C1B5AFFE}"
EndProject
Project("{FAE04EC0-301F-11D3-BF4B-00C04F79EFBC}") = "SOLID.Test", "..\SOLID.Test\SOLID.Test.csproj", "{2D3DD6CA-C548-44B2-978C-73AC59C4212E}"
EndProject
Global
	GlobalSection(SolutionConfigurationPlatforms) = preSolution
		Debug|Any CPU = Debug|Any CPU
		Release|Any CPU = Release|Any CPU
	EndGlobalSection
	GlobalSection(ProjectConfigurationPlatforms) = postSolution
		{7065461A-CD9A-455F-B77D-1E92C1B5AFFE}.Debug|Any CPU.ActiveCfg = Debug|Any CPU
		{7065461A-CD9A-455F-B77D-1E92C1B5AFFE}.Debug|Any CPU.Build.0 = Debug|Any CPU
		{7065461A-CD9A-455F-B77D-1E92C1B5AFFE}.Release|Any CPU.ActiveCfg = Release|Any CPU
		{7065461A-CD9A-455F-B77D-1E92C1B5AFFE}.Release|Any CPU.Build.0 = Release|Any CPU
		{2D3DD6CA-C548-44B2-978C-73AC59C4212E}.Debug|Any CPU.ActiveCfg = Debug|Any CPU
		{2D3DD6CA-C548-44B2-978C-73AC59C4212E}.Debug|Any CPU.Build.0 = Debug|Any CPU
		{2D3DD6CA-C548-44B2-978C-73AC59C4212E}.Release|Any CPU.ActiveCfg = Release|Any CPU
		{2D3DD6CA-C548-44B2-978C-73AC59C4212E}.Release|Any CPU.Build.0 = Release|Any CPU
	EndGlobalSection
	GlobalSection(SolutionProperties) = preSolution
		HideSolutionNode = FALSE
	EndGlobalSection
	GlobalSection(ExtensibilityGlobals) = postSolution
		SolutionGuid = {A44B3189-B278-4AD1-8935-6B03D79EBD5A}
	EndGlobalSection
EndGlobal
